{
  "originHash" : "d65be05e229dbeb76a098db691d7b753e44ba9bcbcd6e0b0a7af983a91327b2a",
  "pins" : [
    {
      "identity" : "acrylic",
      "kind" : "remoteSourceControl",
      "location" : "https://github.com/acrlc/acrylic",
      "state" : {
        "branch" : "main",
        "revision" : "086a7639c9f5d04cfce5792770cedd0a34cd9a37"
      }
    },
    {
      "identity" : "appearance",
      "kind" : "remoteSourceControl",
      "location" : "https://github.com/acrlc/appearance",
      "state" : {
        "branch" : "main",
        "revision" : "f87f553623c8c951ba4247bfab7b0ff4666e9581"
      }
    },
    {
      "identity" : "benchmarks",
      "kind" : "remoteSourceControl",
      "location" : "https://github.com/acrlc/Benchmarks.git",
      "state" : {
        "branch" : "main",
        "revision" : "561bbb5cbef45693fe0f17a8fde65886fb10d740"
      }
    },
    {
      "identity" : "chalk",
      "kind" : "remoteSourceControl",
      "location" : "https://github.com/acrlc/Chalk.git",
      "state" : {
        "branch" : "add-default-color",
        "revision" : "b9438a12efa07f7bf7df9a425a008396f26d3372"
      }
    },
    {
      "identity" : "command",
      "kind" : "remoteSourceControl",
      "location" : "https://github.com/acrlc/Command.git",
      "state" : {
        "branch" : "main",
        "revision" : "0efcb2be4a9acd9756026d68dbf04e3ea55024de"
      }
    },
    {
      "identity" : "configuration",
      "kind" : "remoteSourceControl",
      "location" : "https://github.com/acrlc/configuration",
      "state" : {
        "branch" : "main",
        "revision" : "3deecb9ff1e86f5a55518583d688f18869e9bbe8"
      }
    },
    {
      "identity" : "core",
      "kind" : "remoteSourceControl",
      "location" : "https://github.com/acrlc/core.git",
      "state" : {
        "branch" : "main",
        "revision" : "4f2f71b67c3d0d8a0fd5e805755a3e4ace3e79de"
      }
    },
    {
      "identity" : "location",
      "kind" : "remoteSourceControl",
      "location" : "https://github.com/acrlc/location",
      "state" : {
        "branch" : "main",
        "revision" : "ebd6b36b20f43a75303770ef043e55c87ef63ec8"
      }
    },
    {
      "identity" : "opencombine",
      "kind" : "remoteSourceControl",
      "location" : "https://github.com/OpenCombine/OpenCombine.git",
      "state" : {
        "revision" : "8576f0d579b27020beccbccc3ea6844f3ddfc2c2",
        "version" : "0.14.0"
      }
    },
    {
      "identity" : "paths",
      "kind" : "remoteSourceControl",
      "location" : "https://github.com/acrlc/paths.git",
      "state" : {
        "revision" : "66c78d315b8227bddbb94642c78b9d4b6fb9cc82",
        "version" : "0.1.0"
      }
    },
    {
      "identity" : "persistence",
      "kind" : "remoteSourceControl",
      "location" : "https://github.com/acrlc/persistence",
      "state" : {
        "branch" : "main",
        "revision" : "6fb06f26b72dd798e15ea4c614daefcca7d4bea9"
      }
    },
    {
      "identity" : "shell",
      "kind" : "remoteSourceControl",
      "location" : "https://github.com/acrlc/Shell.git",
      "state" : {
        "branch" : "main",
        "revision" : "326f2f9d8fcf3201fc1f9176fe34bf9d3cfc1382"
      }
    },
    {
      "identity" : "solar",
      "kind" : "remoteSourceControl",
      "location" : "https://github.com/acrlc/solar",
      "state" : {
        "branch" : "main",
        "revision" : "d6a07014b0657ecba1f2da27e2be1123a5780602"
      }
    },
    {
      "identity" : "swift-collections",
      "kind" : "remoteSourceControl",
      "location" : "https://github.com/apple/swift-collections.git",
      "state" : {
        "revision" : "94cf62b3ba8d4bed62680a282d4c25f9c63c2efb",
        "version" : "1.1.0"
      }
    },
    {
      "identity" : "swift-crypto",
      "kind" : "remoteSourceControl",
      "location" : "https://github.com/apple/swift-crypto.git",
      "state" : {
        "revision" : "bc1c29221f6dfeb0ebbfbc98eb95cd3d4967868e",
        "version" : "3.4.0"
      }
    },
    {
      "identity" : "swift-log",
      "kind" : "remoteSourceControl",
      "location" : "https://github.com/apple/swift-log.git",
      "state" : {
        "revision" : "e97a6fcb1ab07462881ac165fdbb37f067e205d5",
        "version" : "1.5.4"
      }
    },
    {
      "identity" : "swift-reflection-mirror",
      "kind" : "remoteSourceControl",
      "location" : "https://github.com/philipturner/swift-reflection-mirror.git",
      "state" : {
        "branch" : "main",
        "revision" : "a8f66fda2e8713955323483365fe711a56b91974"
      }
    },
    {
      "identity" : "time",
      "kind" : "remoteSourceControl",
      "location" : "https://github.com/acrlc/Time.git",
      "state" : {
        "branch" : "main",
        "revision" : "3815c50df0a8567889c75b720630fa1161ef424e"
      }
    }
  ],
  "version" : 3
}
